
Microsoft Visual Studio Solution File, Format Version 12.00
# Visual Studio Version 17
VisualStudioVersion = 17.1.32328.378
MinimumVisualStudioVersion = 10.0.40219.1
Project("{FAE04EC0-301F-11D3-BF4B-00C04F79EFBC}") = "HomeWork1", "HomeWork1.csproj", "{611B9C61-285E-4268-8B5E-5FC3DE92D74A}"
EndProject
Global
	GlobalSection(SolutionConfigurationPlatforms) = preSolution
		Debug|Any CPU = Debug|Any CPU
		Release|Any CPU = Release|Any CPU
	EndGlobalSection
	GlobalSection(ProjectConfigurationPlatforms) = postSolution
		{611B9C61-285E-4268-8B5E-5FC3DE92D74A}.Debug|Any CPU.ActiveCfg = Debug|Any CPU
		{611B9C61-285E-4268-8B5E-5FC3DE92D74A}.Debug|Any CPU.Build.0 = Debug|Any CPU
		{611B9C61-285E-4268-8B5E-5FC3DE92D74A}.Release|Any CPU.ActiveCfg = Release|Any CPU
		{611B9C61-285E-4268-8B5E-5FC3DE92D74A}.Release|Any CPU.Build.0 = Release|Any CPU
	EndGlobalSection
	GlobalSection(SolutionProperties) = preSolution
		HideSolutionNode = FALSE
	EndGlobalSection
	GlobalSection(ExtensibilityGlobals) = postSolution
		SolutionGuid = {FA5A312E-30E7-40C4-A047-BB62ADB53993}
	EndGlobalSection
EndGlobal
